<?xml version="1.0" encoding="utf-8"?>
<Project ToolsVersion="4.0" xmlns="http://schemas.microsoft.com/developer/msbuild/2003">
  <ItemGroup>
    <Filter Include="Source Files">
      <UniqueIdentifier>{4FC737F1-C7A5-4376-A066-2A32D752A2FF}</UniqueIdentifier>
      <Extensions>cpp;c;cc;cxx;c++;cppm;ixx;def;odl;idl;hpj;bat;asm;asmx</Extensions>
    </Filter>
    <Filter Include="Header Files">
      <UniqueIdentifier>{93995380-89BD-4b04-88EB-625FBE52EBFB}</UniqueIdentifier>
      <Extensions>h;hh;hpp;hxx;h++;hm;inl;inc;ipp;xsd</Extensions>
    </Filter>
    <Filter Include="Resource Files">
      <UniqueIdentifier>{67DA6AB6-F800-4c08-8B7A-83BB121AAD01}</UniqueIdentifier>
      <Extensions>rc;ico;cur;bmp;dlg;rc2;rct;bin;rgs;gif;jpg;jpeg;jpe;resx;tiff;tif;png;wav;mfcribbon-ms</Extensions>
    </Filter>
  </ItemGroup>
  <ItemGroup>
    <ClInclude Include="SudokuPixelMFC.h">
      <Filter>Header Files</Filter>
    </ClInclude>
    <ClInclude Include="SudokuPixelMFCDlg.h">
      <Filter>Header Files</Filter>
    </ClInclude>
    <ClInclude Include="framework.h">
      <Filter>Header Files</Filter>
    </ClInclude>
    <ClInclude Include="targetver.h">
      <Filter>Header Files</Filter>
    </ClInclude>
    <ClInclude Include="Resource.h">
      <Filter>Header Files</Filter>
    </ClInclude>
    <ClInclude Include="pch.h">
      <Filter>Header Files</Filter>
    </ClInclude>
    <ClInclude Include="XUnzip.h">
      <Filter>Header Files</Filter>
    </ClInclude>
    <ClInclude Include="spritelib.h">
      <Filter>Header Files</Filter>
    </ClInclude>
    <ClInclude Include="CUserInterface.h">
      <Filter>Header Files</Filter>
    </ClInclude>
    <ClInclude Include="CUndo.h">
      <Filter>Header Files</Filter>
    </ClInclude>
    <ClInclude Include="CSudoku.h">
      <Filter>Header Files</Filter>
    </ClInclude>
    <ClInclude Include="CSelectSudokuDlg.h">
      <Filter>Header Files</Filter>
    </ClInclude>
  </ItemGroup>
  <ItemGroup>
    <ClCompile Include="SudokuPixelMFC.cpp">
      <Filter>Source Files</Filter>
    </ClCompile>
    <ClCompile Include="SudokuPixelMFCDlg.cpp">
      <Filter>Source Files</Filter>
    </ClCompile>
    <ClCompile Include="pch.cpp">
      <Filter>Source Files</Filter>
    </ClCompile>
    <ClCompile Include="XUnzip.cpp">
      <Filter>Source Files</Filter>
    </ClCompile>
    <ClCompile Include="spritelib.cpp">
      <Filter>Source Files</Filter>
    </ClCompile>
    <ClCompile Include="CUserInterface.cpp">
      <Filter>Source Files</Filter>
    </ClCompile>
    <ClCompile Include="CUndo.cpp">
      <Filter>Source Files</Filter>
    </ClCompile>
    <ClCompile Include="CSudoku.cpp">
      <Filter>Source Files</Filter>
    </ClCompile>
    <ClCompile Include="CSelectSudokuDlg.cpp">
      <Filter>Source Files</Filter>
    </ClCompile>
  </ItemGroup>
  <ItemGroup>
    <ResourceCompile Include="SudokuPixelMFC.rc">
      <Filter>Resource Files</Filter>
    </ResourceCompile>
  </ItemGroup>
  <ItemGroup>
    <None Include="res\SudokuPixelMFC.rc2">
      <Filter>Resource Files</Filter>
    </None>
  </ItemGroup>
  <ItemGroup>
    <Image Include="res\SudokuPixelMFC.ico">
      <Filter>Resource Files</Filter>
    </Image>
    <Image Include="SudokuNumbersPixel.bmp">
      <Filter>Resource Files</Filter>
    </Image>
    <Image Include="SudokuGridPixelWhite.bmp">
      <Filter>Resource Files</Filter>
    </Image>
    <Image Include="SudokuNumberPixel9.bmp">
      <Filter>Resource Files</Filter>
    </Image>
    <Image Include="SudokuNumberPixel0.bmp">
      <Filter>Resource Files</Filter>
    </Image>
    <Image Include="SudokuNumberPixel1.bmp">
      <Filter>Resource Files</Filter>
    </Image>
    <Image Include="SudokuNumberPixel2.bmp">
      <Filter>Resource Files</Filter>
    </Image>
    <Image Include="SudokuNumberPixel3.bmp">
      <Filter>Resource Files</Filter>
    </Image>
    <Image Include="SudokuNumberPixel4.bmp">
      <Filter>Resource Files</Filter>
    </Image>
    <Image Include="SudokuNumberPixel5.bmp">
      <Filter>Resource Files</Filter>
    </Image>
    <Image Include="SudokuNumberPixel6.bmp">
      <Filter>Resource Files</Filter>
    </Image>
    <Image Include="SudokuNumberPixel7.bmp">
      <Filter>Resource Files</Filter>
    </Image>
    <Image Include="SudokuNumberPixel8.bmp">
      <Filter>Resource Files</Filter>
    </Image>
    <Image Include="SudokuFieldSelect.bmp">
      <Filter>Resource Files</Filter>
    </Image>
    <Image Include="SudokuGridColumnSelect.bmp">
      <Filter>Resource Files</Filter>
    </Image>
    <Image Include="SudokuGridRowSelect.bmp">
      <Filter>Resource Files</Filter>
    </Image>
    <Image Include="SudokuGrid423x423.bmp">
      <Filter>Resource Files</Filter>
    </Image>
    <Image Include="ButtonExit.bmp">
      <Filter>Resource Files</Filter>
    </Image>
  </ItemGroup>
  <ItemGroup>
    <Text Include="sudoku2.txt">
      <Filter>Resource Files</Filter>
    </Text>
    <Text Include="sudoku5.txt">
      <Filter>Resource Files</Filter>
    </Text>
    <Text Include="sudoku4.txt">
      <Filter>Resource Files</Filter>
    </Text>
    <Text Include="sudokuGenerated.txt">
      <Filter>Resource Files</Filter>
    </Text>
    <Text Include="sudoku1.txt">
      <Filter>Resource Files</Filter>
    </Text>
    <Text Include="sudoku3.txt">
      <Filter>Resource Files</Filter>
    </Text>
  </ItemGroup>
</Project>