<?xml version="1.0" encoding="utf-8"?>
<Project ToolsVersion="4.0" xmlns="http://schemas.microsoft.com/developer/msbuild/2003">
  <ItemGroup>
    <Filter Include="Source Files">
      <UniqueIdentifier>{4FC737F1-C7A5-4376-A066-2A32D752A2FF}</UniqueIdentifier>
      <Extensions>cpp;c;cc;cxx;c++;cppm;ixx;def;odl;idl;hpj;bat;asm;asmx</Extensions>
    </Filter>
    <Filter Include="Header Files">
      <UniqueIdentifier>{93995380-89BD-4b04-88EB-625FBE52EBFB}</UniqueIdentifier>
      <Extensions>h;hh;hpp;hxx;h++;hm;inl;inc;ipp;xsd</Extensions>
    </Filter>
    <Filter Include="Resource Files">
      <UniqueIdentifier>{67DA6AB6-F800-4c08-8B7A-83BB121AAD01}</UniqueIdentifier>
      <Extensions>rc;ico;cur;bmp;dlg;rc2;rct;bin;rgs;gif;jpg;jpeg;jpe;resx;tiff;tif;png;wav;mfcribbon-ms</Extensions>
    </Filter>
    <Filter Include="Sprite Files">
      <UniqueIdentifier>{dc438d0b-53fb-46d9-bf02-92e8cd8a83f0}</UniqueIdentifier>
    </Filter>
  </ItemGroup>
  <ItemGroup>
    <ClInclude Include="SudokuPixelMFC.h">
      <Filter>Header Files</Filter>
    </ClInclude>
    <ClInclude Include="SudokuPixelMFCDlg.h">
      <Filter>Header Files</Filter>
    </ClInclude>
    <ClInclude Include="framework.h">
      <Filter>Header Files</Filter>
    </ClInclude>
    <ClInclude Include="targetver.h">
      <Filter>Header Files</Filter>
    </ClInclude>
    <ClInclude Include="Resource.h">
      <Filter>Header Files</Filter>
    </ClInclude>
    <ClInclude Include="pch.h">
      <Filter>Header Files</Filter>
    </ClInclude>
    <ClInclude Include="XUnzip.h">
      <Filter>Header Files</Filter>
    </ClInclude>
    <ClInclude Include="spritelib.h">
      <Filter>Header Files</Filter>
    </ClInclude>
    <ClInclude Include="CUserInterface.h">
      <Filter>Header Files</Filter>
    </ClInclude>
    <ClInclude Include="CUndo.h">
      <Filter>Header Files</Filter>
    </ClInclude>
    <ClInclude Include="CSudoku.h">
      <Filter>Header Files</Filter>
    </ClInclude>
    <ClInclude Include="CSelectSudokuDlg.h">
      <Filter>Header Files</Filter>
    </ClInclude>
    <ClInclude Include="CSolve.h">
      <Filter>Header Files</Filter>
    </ClInclude>
    <ClInclude Include="CVec2.h">
      <Filter>Header Files</Filter>
    </ClInclude>
  </ItemGroup>
  <ItemGroup>
    <ClCompile Include="SudokuPixelMFC.cpp">
      <Filter>Source Files</Filter>
    </ClCompile>
    <ClCompile Include="SudokuPixelMFCDlg.cpp">
      <Filter>Source Files</Filter>
    </ClCompile>
    <ClCompile Include="pch.cpp">
      <Filter>Source Files</Filter>
    </ClCompile>
    <ClCompile Include="XUnzip.cpp">
      <Filter>Source Files</Filter>
    </ClCompile>
    <ClCompile Include="spritelib.cpp">
      <Filter>Source Files</Filter>
    </ClCompile>
    <ClCompile Include="CUserInterface.cpp">
      <Filter>Source Files</Filter>
    </ClCompile>
    <ClCompile Include="CUndo.cpp">
      <Filter>Source Files</Filter>
    </ClCompile>
    <ClCompile Include="CSudoku.cpp">
      <Filter>Source Files</Filter>
    </ClCompile>
    <ClCompile Include="CSelectSudokuDlg.cpp">
      <Filter>Source Files</Filter>
    </ClCompile>
    <ClCompile Include="CSolve.cpp">
      <Filter>Source Files</Filter>
    </ClCompile>
  </ItemGroup>
  <ItemGroup>
    <ResourceCompile Include="SudokuPixelMFC.rc">
      <Filter>Resource Files</Filter>
    </ResourceCompile>
  </ItemGroup>
  <ItemGroup>
    <None Include="res\SudokuPixelMFC.rc2">
      <Filter>Resource Files</Filter>
    </None>
  </ItemGroup>
  <ItemGroup>
    <Image Include="ButtonExit.bmp">
      <Filter>Sprite Files</Filter>
    </Image>
    <Image Include="Sprites\ButtonBack.bmp">
      <Filter>Sprite Files</Filter>
    </Image>
    <Image Include="Sprites\ButtonBackIcon.bmp">
      <Filter>Sprite Files</Filter>
    </Image>
    <Image Include="Sprites\ButtonBackIconPressed.bmp">
      <Filter>Sprite Files</Filter>
    </Image>
    <Image Include="Sprites\ButtonBackPressed.bmp">
      <Filter>Sprite Files</Filter>
    </Image>
    <Image Include="Sprites\ButtonCheck.bmp">
      <Filter>Sprite Files</Filter>
    </Image>
    <Image Include="Sprites\ButtonCheckPressed.bmp">
      <Filter>Sprite Files</Filter>
    </Image>
    <Image Include="Sprites\ButtonEasy.bmp">
      <Filter>Sprite Files</Filter>
    </Image>
    <Image Include="Sprites\ButtonEasyPressed.bmp">
      <Filter>Sprite Files</Filter>
    </Image>
    <Image Include="Sprites\ButtonExit.bmp">
      <Filter>Sprite Files</Filter>
    </Image>
    <Image Include="Sprites\ButtonExitIcon.bmp">
      <Filter>Sprite Files</Filter>
    </Image>
    <Image Include="Sprites\ButtonExitIconPressed.bmp">
      <Filter>Sprite Files</Filter>
    </Image>
    <Image Include="Sprites\ButtonExitPressed.bmp">
      <Filter>Sprite Files</Filter>
    </Image>
    <Image Include="Sprites\ButtonExpert.bmp">
      <Filter>Sprite Files</Filter>
    </Image>
    <Image Include="Sprites\ButtonExpertPressed.bmp">
      <Filter>Sprite Files</Filter>
    </Image>
    <Image Include="Sprites\ButtonGenerate.bmp">
      <Filter>Sprite Files</Filter>
    </Image>
    <Image Include="Sprites\ButtonGeneratePressed.bmp">
      <Filter>Sprite Files</Filter>
    </Image>
    <Image Include="Sprites\ButtonGod.bmp">
      <Filter>Sprite Files</Filter>
    </Image>
    <Image Include="Sprites\ButtonGodPressed.bmp">
      <Filter>Sprite Files</Filter>
    </Image>
    <Image Include="Sprites\ButtonHard.bmp">
      <Filter>Sprite Files</Filter>
    </Image>
    <Image Include="Sprites\ButtonHardPressed.bmp">
      <Filter>Sprite Files</Filter>
    </Image>
    <Image Include="Sprites\ButtonMedium.bmp">
      <Filter>Sprite Files</Filter>
    </Image>
    <Image Include="Sprites\ButtonMediumPressed.bmp">
      <Filter>Sprite Files</Filter>
    </Image>
    <Image Include="Sprites\ButtonReset.bmp">
      <Filter>Sprite Files</Filter>
    </Image>
    <Image Include="Sprites\ButtonResetPressed.bmp">
      <Filter>Sprite Files</Filter>
    </Image>
    <Image Include="Sprites\ButtonSave.bmp">
      <Filter>Sprite Files</Filter>
    </Image>
    <Image Include="Sprites\ButtonSavePressed.bmp">
      <Filter>Sprite Files</Filter>
    </Image>
    <Image Include="Sprites\ButtonSolve.bmp">
      <Filter>Sprite Files</Filter>
    </Image>
    <Image Include="Sprites\ButtonSolvePressed.bmp">
      <Filter>Sprite Files</Filter>
    </Image>
    <Image Include="Sprites\ButtonUndo.bmp">
      <Filter>Sprite Files</Filter>
    </Image>
    <Image Include="Sprites\ButtonUndoPressed.bmp">
      <Filter>Sprite Files</Filter>
    </Image>
    <Image Include="res\SudokuPixelMFC.ico">
      <Filter>Sprite Files</Filter>
    </Image>
    <Image Include="Sprites\SudokuBackground.bmp">
      <Filter>Sprite Files</Filter>
    </Image>
    <Image Include="Sprites\SudokuFieldSelect.bmp">
      <Filter>Sprite Files</Filter>
    </Image>
    <Image Include="Sprites\SudokuGrid423x423.bmp">
      <Filter>Sprite Files</Filter>
    </Image>
    <Image Include="Sprites\SudokuGridColumnSelect.bmp">
      <Filter>Sprite Files</Filter>
    </Image>
    <Image Include="Sprites\SudokuGridPixelWhite.bmp">
      <Filter>Sprite Files</Filter>
    </Image>
    <Image Include="Sprites\SudokuGridRowSelect.bmp">
      <Filter>Sprite Files</Filter>
    </Image>
    <Image Include="Sprites\SudokuNumberPixel0.bmp">
      <Filter>Sprite Files</Filter>
    </Image>
    <Image Include="Sprites\SudokuNumberPixel1.bmp">
      <Filter>Sprite Files</Filter>
    </Image>
    <Image Include="Sprites\SudokuNumberPixel2.bmp">
      <Filter>Sprite Files</Filter>
    </Image>
    <Image Include="Sprites\SudokuNumberPixel3.bmp">
      <Filter>Sprite Files</Filter>
    </Image>
    <Image Include="Sprites\SudokuNumberPixel4.bmp">
      <Filter>Sprite Files</Filter>
    </Image>
    <Image Include="Sprites\SudokuNumberPixel5.bmp">
      <Filter>Sprite Files</Filter>
    </Image>
    <Image Include="Sprites\SudokuNumberPixel6.bmp">
      <Filter>Sprite Files</Filter>
    </Image>
    <Image Include="Sprites\SudokuNumberPixel7.bmp">
      <Filter>Sprite Files</Filter>
    </Image>
    <Image Include="Sprites\SudokuNumberPixel8.bmp">
      <Filter>Sprite Files</Filter>
    </Image>
    <Image Include="Sprites\SudokuNumberPixel9.bmp">
      <Filter>Sprite Files</Filter>
    </Image>
    <Image Include="Sprites\SudokuNumbersPixel.bmp">
      <Filter>Sprite Files</Filter>
    </Image>
  </ItemGroup>
  <ItemGroup>
    <Text Include="Sudoku Loadouts\sudoku4.txt">
      <Filter>Resource Files</Filter>
    </Text>
    <Text Include="Sudoku Loadouts\sudoku3.txt">
      <Filter>Resource Files</Filter>
    </Text>
    <Text Include="Sudoku Loadouts\sudoku5.txt">
      <Filter>Resource Files</Filter>
    </Text>
    <Text Include="Sudoku Loadouts\sudoku1.txt">
      <Filter>Resource Files</Filter>
    </Text>
    <Text Include="Sudoku Loadouts\sudoku2.txt">
      <Filter>Resource Files</Filter>
    </Text>
  </ItemGroup>
</Project>